
Microsoft Visual Studio Solution File, Format Version 12.00
# Visual Studio Version 17
VisualStudioVersion = 17.10.35004.147
MinimumVisualStudioVersion = 10.0.40219.1
Project("{FAE04EC0-301F-11D3-BF4B-00C04F79EFBC}") = "rj", "rj.csproj", "{D3189774-B4FB-46DF-A44D-2FEEBF340DCB}"
EndProject
Global
	GlobalSection(SolutionConfigurationPlatforms) = preSolution
		Debug|Any CPU = Debug|Any CPU
		Release|Any CPU = Release|Any CPU
	EndGlobalSection
	GlobalSection(ProjectConfigurationPlatforms) = postSolution
		{D3189774-B4FB-46DF-A44D-2FEEBF340DCB}.Debug|Any CPU.ActiveCfg = Debug|Any CPU
		{D3189774-B4FB-46DF-A44D-2FEEBF340DCB}.Debug|Any CPU.Build.0 = Debug|Any CPU
		{D3189774-B4FB-46DF-A44D-2FEEBF340DCB}.Release|Any CPU.ActiveCfg = Release|Any CPU
		{D3189774-B4FB-46DF-A44D-2FEEBF340DCB}.Release|Any CPU.Build.0 = Release|Any CPU
	EndGlobalSection
	GlobalSection(SolutionProperties) = preSolution
		HideSolutionNode = FALSE
	EndGlobalSection
	GlobalSection(ExtensibilityGlobals) = postSolution
		SolutionGuid = {CE229022-7541-4455-9008-58BA26242AC5}
	EndGlobalSection
EndGlobal
